// !$*UTF8*$!
{
	archiveVersion = 1;
	classes = {
	};
	objectVersion = 50;
	objects = {

/* Begin PBXBuildFile section */
		263A8CC426E0704800B153B8 /* AppDelegate.swift in Sources */ = {isa = PBXBuildFile; fileRef = 263A8CC326E0704800B153B8 /* AppDelegate.swift */; };
		263A8CC626E0704800B153B8 /* SceneDelegate.swift in Sources */ = {isa = PBXBuildFile; fileRef = 263A8CC526E0704800B153B8 /* SceneDelegate.swift */; };
		263A8CC826E0704800B153B8 /* ViewController.swift in Sources */ = {isa = PBXBuildFile; fileRef = 263A8CC726E0704800B153B8 /* ViewController.swift */; };
		263A8CCB26E0704800B153B8 /* Main.storyboard in Resources */ = {isa = PBXBuildFile; fileRef = 263A8CC926E0704800B153B8 /* Main.storyboard */; };
		263A8CCD26E0704900B153B8 /* Assets.xcassets in Resources */ = {isa = PBXBuildFile; fileRef = 263A8CCC26E0704900B153B8 /* Assets.xcassets */; };
		263A8CD026E0704900B153B8 /* LaunchScreen.storyboard in Resources */ = {isa = PBXBuildFile; fileRef = 263A8CCE26E0704900B153B8 /* LaunchScreen.storyboard */; };
		263A8CD826E072FE00B153B8 /* CardCell.swift in Sources */ = {isa = PBXBuildFile; fileRef = 263A8CD726E072FE00B153B8 /* CardCell.swift */; };
		263A8CDA26E0773B00B153B8 /* CardViewController.swift in Sources */ = {isa = PBXBuildFile; fileRef = 263A8CD926E0773B00B153B8 /* CardViewController.swift */; };
		263A8CDC26E0789200B153B8 /* PushAnimator.swift in Sources */ = {isa = PBXBuildFile; fileRef = 263A8CDB26E0789200B153B8 /* PushAnimator.swift */; };
		263A8CDE26E07D3400B153B8 /* TransitionCoordinator.swift in Sources */ = {isa = PBXBuildFile; fileRef = 263A8CDD26E07D3400B153B8 /* TransitionCoordinator.swift */; };
		263A8CE026E0EF2F00B153B8 /* PopAnimator.swift in Sources */ = {isa = PBXBuildFile; fileRef = 263A8CDF26E0EF2F00B153B8 /* PopAnimator.swift */; };
/* End PBXBuildFile section */

/* Begin PBXFileReference section */
		263A8CC026E0704800B153B8 /* Animation Controller.app */ = {isa = PBXFileReference; explicitFileType = wrapper.application; includeInIndex = 0; path = "Animation Controller.app"; sourceTree = BUILT_PRODUCTS_DIR; };
		263A8CC326E0704800B153B8 /* AppDelegate.swift */ = {isa = PBXFileReference; lastKnownFileType = sourcecode.swift; path = AppDelegate.swift; sourceTree = "<group>"; };
		263A8CC526E0704800B153B8 /* SceneDelegate.swift */ = {isa = PBXFileReference; lastKnownFileType = sourcecode.swift; path = SceneDelegate.swift; sourceTree = "<group>"; };
		263A8CC726E0704800B153B8 /* ViewController.swift */ = {isa = PBXFileReference; lastKnownFileType = sourcecode.swift; path = ViewController.swift; sourceTree = "<group>"; };
		263A8CCA26E0704800B153B8 /* Base */ = {isa = PBXFileReference; lastKnownFileType = file.storyboard; name = Base; path = Base.lproj/Main.storyboard; sourceTree = "<group>"; };
		263A8CCC26E0704900B153B8 /* Assets.xcassets */ = {isa = PBXFileReference; lastKnownFileType = folder.assetcatalog; path = Assets.xcassets; sourceTree = "<group>"; };
		263A8CCF26E0704900B153B8 /* Base */ = {isa = PBXFileReference; lastKnownFileType = file.storyboard; name = Base; path = Base.lproj/LaunchScreen.storyboard; sourceTree = "<group>"; };
		263A8CD126E0704900B153B8 /* Info.plist */ = {isa = PBXFileReference; lastKnownFileType = text.plist.xml; path = Info.plist; sourceTree = "<group>"; };
		263A8CD726E072FE00B153B8 /* CardCell.swift */ = {isa = PBXFileReference; lastKnownFileType = sourcecode.swift; path = CardCell.swift; sourceTree = "<group>"; };
		263A8CD926E0773B00B153B8 /* CardViewController.swift */ = {isa = PBXFileReference; lastKnownFileType = sourcecode.swift; path = CardViewController.swift; sourceTree = "<group>"; };
		263A8CDB26E0789200B153B8 /* PushAnimator.swift */ = {isa = PBXFileReference; lastKnownFileType = sourcecode.swift; path = PushAnimator.swift; sourceTree = "<group>"; };
		263A8CDD26E07D3400B153B8 /* TransitionCoordinator.swift */ = {isa = PBXFileReference; lastKnownFileType = sourcecode.swift; path = TransitionCoordinator.swift; sourceTree = "<group>"; };
		263A8CDF26E0EF2F00B153B8 /* PopAnimator.swift */ = {isa = PBXFileReference; lastKnownFileType = sourcecode.swift; path = PopAnimator.swift; sourceTree = "<group>"; };
/* End PBXFileReference section */

/* Begin PBXFrameworksBuildPhase section */
		263A8CBD26E0704800B153B8 /* Frameworks */ = {
			isa = PBXFrameworksBuildPhase;
			buildActionMask = 2147483647;
			files = (
			);
			runOnlyForDeploymentPostprocessing = 0;
		};
/* End PBXFrameworksBuildPhase section */

/* Begin PBXGroup section */
		263A8CB726E0704800B153B8 = {
			isa = PBXGroup;
			children = (
				263A8CC226E0704800B153B8 /* Animation Controller */,
				263A8CC126E0704800B153B8 /* Products */,
			);
			sourceTree = "<group>";
		};
		263A8CC126E0704800B153B8 /* Products */ = {
			isa = PBXGroup;
			children = (
				263A8CC026E0704800B153B8 /* Animation Controller.app */,
			);
			name = Products;
			sourceTree = "<group>";
		};
		263A8CC226E0704800B153B8 /* Animation Controller */ = {
			isa = PBXGroup;
			children = (
				263A8CC326E0704800B153B8 /* AppDelegate.swift */,
				263A8CC526E0704800B153B8 /* SceneDelegate.swift */,
				263A8CC726E0704800B153B8 /* ViewController.swift */,
				263A8CD926E0773B00B153B8 /* CardViewController.swift */,
				263A8CD726E072FE00B153B8 /* CardCell.swift */,
				263A8CDB26E0789200B153B8 /* PushAnimator.swift */,
				263A8CDF26E0EF2F00B153B8 /* PopAnimator.swift */,
				263A8CDD26E07D3400B153B8 /* TransitionCoordinator.swift */,
				263A8CC926E0704800B153B8 /* Main.storyboard */,
				263A8CCC26E0704900B153B8 /* Assets.xcassets */,
				263A8CCE26E0704900B153B8 /* LaunchScreen.storyboard */,
				263A8CD126E0704900B153B8 /* Info.plist */,
			);
			path = "Animation Controller";
			sourceTree = "<group>";
		};
/* End PBXGroup section */

/* Begin PBXNativeTarget section */
		263A8CBF26E0704800B153B8 /* Animation Controller */ = {
			isa = PBXNativeTarget;
			buildConfigurationList = 263A8CD426E0704900B153B8 /* Build configuration list for PBXNativeTarget "Animation Controller" */;
			buildPhases = (
				263A8CBC26E0704800B153B8 /* Sources */,
				263A8CBD26E0704800B153B8 /* Frameworks */,
				263A8CBE26E0704800B153B8 /* Resources */,
			);
			buildRules = (
			);
			dependencies = (
			);
			name = "Animation Controller";
			productName = "Animation Controller";
			productReference = 263A8CC026E0704800B153B8 /* Animation Controller.app */;
			productType = "com.apple.product-type.application";
		};
/* End PBXNativeTarget section */

/* Begin PBXProject section */
		263A8CB826E0704800B153B8 /* Project object */ = {
			isa = PBXProject;
			attributes = {
				LastSwiftUpdateCheck = 1250;
				LastUpgradeCheck = 1250;
				TargetAttributes = {
					263A8CBF26E0704800B153B8 = {
						CreatedOnToolsVersion = 12.5.1;
					};
				};
			};
			buildConfigurationList = 263A8CBB26E0704800B153B8 /* Build configuration list for PBXProject "Animation Controller" */;
			compatibilityVersion = "Xcode 9.3";
			developmentRegion = en;
			hasScannedForEncodings = 0;
			knownRegions = (
				en,
				Base,
			);
			mainGroup = 263A8CB726E0704800B153B8;
			productRefGroup = 263A8CC126E0704800B153B8 /* Products */;
			projectDirPath = "";
			projectRoot = "";
			targets = (
				263A8CBF26E0704800B153B8 /* Animation Controller */,
			);
		};
/* End PBXProject section */

/* Begin PBXResourcesBuildPhase section */
		263A8CBE26E0704800B153B8 /* Resources */ = {
			isa = PBXResourcesBuildPhase;
			buildActionMask = 2147483647;
			files = (
				263A8CD026E0704900B153B8 /* LaunchScreen.storyboard in Resources */,
				263A8CCD26E0704900B153B8 /* Assets.xcassets in Resources */,
				263A8CCB26E0704800B153B8 /* Main.storyboard in Resources */,
			);
			runOnlyForDeploymentPostprocessing = 0;
		};
/* End PBXResourcesBuildPhase section */

/* Begin PBXSourcesBuildPhase section */
		263A8CBC26E0704800B153B8 /* Sources */ = {
			isa = PBXSourcesBuildPhase;
			buildActionMask = 2147483647;
			files = (
				263A8CC826E0704800B153B8 /* ViewController.swift in Sources */,
				263A8CC426E0704800B153B8 /* AppDelegate.swift in Sources */,
				263A8CC626E0704800B153B8 /* SceneDelegate.swift in Sources */,
				263A8CDA26E0773B00B153B8 /* CardViewController.swift in Sources */,
				263A8CDC26E0789200B153B8 /* PushAnimator.swift in Sources */,
				263A8CD826E072FE00B153B8 /* CardCell.swift in Sources */,
				263A8CE026E0EF2F00B153B8 /* PopAnimator.swift in Sources */,
				263A8CDE26E07D3400B153B8 /* TransitionCoordinator.swift in Sources */,
			);
			runOnlyForDeploymentPostprocessing = 0;
		};
/* End PBXSourcesBuildPhase section */

/* Begin PBXVariantGroup section */
		263A8CC926E0704800B153B8 /* Main.storyboard */ = {
			isa = PBXVariantGroup;
			children = (
				263A8CCA26E0704800B153B8 /* Base */,
			);
			name = Main.storyboard;
			sourceTree = "<group>";
		};
		263A8CCE26E0704900B153B8 /* LaunchScreen.storyboard */ = {
			isa = PBXVariantGroup;
			children = (
				263A8CCF26E0704900B153B8 /* Base */,
			);
			name = LaunchScreen.storyboard;
			sourceTree = "<group>";
		};
/* End PBXVariantGroup section */

/* Begin XCBuildConfiguration section */
		263A8CD226E0704900B153B8 /* Debug */ = {
			isa = XCBuildConfiguration;
			buildSettings = {
				ALWAYS_SEARCH_USER_PATHS = NO;
				CLANG_ANALYZER_NONNULL = YES;
				CLANG_ANALYZER_NUMBER_OBJECT_CONVERSION = YES_AGGRESSIVE;
				CLANG_CXX_LANGUAGE_STANDARD = "gnu++14";
				CLANG_CXX_LIBRARY = "libc++";
				CLANG_ENABLE_MODULES = YES;
				CLANG_ENABLE_OBJC_ARC = YES;
				CLANG_ENABLE_OBJC_WEAK = YES;
				CLANG_WARN_BLOCK_CAPTURE_AUTORELEASING = YES;
				CLANG_WARN_BOOL_CONVERSION = YES;
				CLANG_WARN_COMMA = YES;
				CLANG_WARN_CONSTANT_CONVERSION = YES;
				CLANG_WARN_DEPRECATED_OBJC_IMPLEMENTATIONS = YES;
				CLANG_WARN_DIRECT_OBJC_ISA_USAGE = YES_ERROR;
				CLANG_WARN_DOCUMENTATION_COMMENTS = YES;
				CLANG_WARN_EMPTY_BODY = YES;
				CLANG_WARN_ENUM_CONVERSION = YES;
				CLANG_WARN_INFINITE_RECURSION = YES;
				CLANG_WARN_INT_CONVERSION = YES;
				CLANG_WARN_NON_LITERAL_NULL_CONVERSION = YES;
				CLANG_WARN_OBJC_IMPLICIT_RETAIN_SELF = YES;
				CLANG_WARN_OBJC_LITERAL_CONVERSION = YES;
				CLANG_WARN_OBJC_ROOT_CLASS = YES_ERROR;
				CLANG_WARN_QUOTED_INCLUDE_IN_FRAMEWORK_HEADER = YES;
				CLANG_WARN_RANGE_LOOP_ANALYSIS = YES;
				CLANG_WARN_STRICT_PROTOTYPES = YES;
				CLANG_WARN_SUSPICIOUS_MOVE = YES;
				CLANG_WARN_UNGUARDED_AVAILABILITY = YES_AGGRESSIVE;
				CLANG_WARN_UNREACHABLE_CODE = YES;
				CLANG_WARN__DUPLICATE_METHOD_MATCH = YES;
				COPY_PHASE_STRIP = NO;
				DEBUG_INFORMATION_FORMAT = dwarf;
				ENABLE_STRICT_OBJC_MSGSEND = YES;
				ENABLE_TESTABILITY = YES;
				GCC_C_LANGUAGE_STANDARD = gnu11;
				GCC_DYNAMIC_NO_PIC = NO;
				GCC_NO_COMMON_BLOCKS = YES;
				GCC_OPTIMIZATION_LEVEL = 0;
				GCC_PREPROCESSOR_DEFINITIONS = (
					"DEBUG=1",
					"$(inherited)",
				);
				GCC_WARN_64_TO_32_BIT_CONVERSION = YES;
				GCC_WARN_ABOUT_RETURN_TYPE = YES_ERROR;
				GCC_WARN_UNDECLARED_SELECTOR = YES;
				GCC_WARN_UNINITIALIZED_AUTOS = YES_AGGRESSIVE;
				GCC_WARN_UNUSED_FUNCTION = YES;
				GCC_WARN_UNUSED_VARIABLE = YES;
				IPHONEOS_DEPLOYMENT_TARGET = 14.5;
				MTL_ENABLE_DEBUG_INFO = INCLUDE_SOURCE;
				MTL_FAST_MATH = YES;
				ONLY_ACTIVE_ARCH = YES;
				SDKROOT = iphoneos;
				SWIFT_ACTIVE_COMPILATION_CONDITIONS = DEBUG;
				SWIFT_OPTIMIZATION_LEVEL = "-Onone";
			};
			name = Debug;
		};
		263A8CD326E0704900B153B8 /* Release */ = {
			isa = XCBuildConfiguration;
			buildSettings = {
				ALWAYS_SEARCH_USER_PATHS = NO;
				CLANG_ANALYZER_NONNULL = YES;
				CLANG_ANALYZER_NUMBER_OBJECT_CONVERSION = YES_AGGRESSIVE;
				CLANG_CXX_LANGUAGE_STANDARD = "gnu++14";
				CLANG_CXX_LIBRARY = "libc++";
				CLANG_ENABLE_MODULES = YES;
				CLANG_ENABLE_OBJC_ARC = YES;
				CLANG_ENABLE_OBJC_WEAK = YES;
				CLANG_WARN_BLOCK_CAPTURE_AUTORELEASING = YES;
				CLANG_WARN_BOOL_CONVERSION = YES;
				CLANG_WARN_COMMA = YES;
				CLANG_WARN_CONSTANT_CONVERSION = YES;
				CLANG_WARN_DEPRECATED_OBJC_IMPLEMENTATIONS = YES;
				CLANG_WARN_DIRECT_OBJC_ISA_USAGE = YES_ERROR;
				CLANG_WARN_DOCUMENTATION_COMMENTS = YES;
				CLANG_WARN_EMPTY_BODY = YES;
				CLANG_WARN_ENUM_CONVERSION = YES;
				CLANG_WARN_INFINITE_RECURSION = YES;
				CLANG_WARN_INT_CONVERSION = YES;
				CLANG_WARN_NON_LITERAL_NULL_CONVERSION = YES;
				CLANG_WARN_OBJC_IMPLICIT_RETAIN_SELF = YES;
				CLANG_WARN_OBJC_LITERAL_CONVERSION = YES;
				CLANG_WARN_OBJC_ROOT_CLASS = YES_ERROR;
				CLANG_WARN_QUOTED_INCLUDE_IN_FRAMEWORK_HEADER = YES;
				CLANG_WARN_RANGE_LOOP_ANALYSIS = YES;
				CLANG_WARN_STRICT_PROTOTYPES = YES;
				CLANG_WARN_SUSPICIOUS_MOVE = YES;
				CLANG_WARN_UNGUARDED_AVAILABILITY = YES_AGGRESSIVE;
				CLANG_WARN_UNREACHABLE_CODE = YES;
				CLANG_WARN__DUPLICATE_METHOD_MATCH = YES;
				COPY_PHASE_STRIP = NO;
				DEBUG_INFORMATION_FORMAT = "dwarf-with-dsym";
				ENABLE_NS_ASSERTIONS = NO;
				ENABLE_STRICT_OBJC_MSGSEND = YES;
				GCC_C_LANGUAGE_STANDARD = gnu11;
				GCC_NO_COMMON_BLOCKS = YES;
				GCC_WARN_64_TO_32_BIT_CONVERSION = YES;
				GCC_WARN_ABOUT_RETURN_TYPE = YES_ERROR;
				GCC_WARN_UNDECLARED_SELECTOR = YES;
				GCC_WARN_UNINITIALIZED_AUTOS = YES_AGGRESSIVE;
				GCC_WARN_UNUSED_FUNCTION = YES;
				GCC_WARN_UNUSED_VARIABLE = YES;
				IPHONEOS_DEPLOYMENT_TARGET = 14.5;
				MTL_ENABLE_DEBUG_INFO = NO;
				MTL_FAST_MATH = YES;
				SDKROOT = iphoneos;
				SWIFT_COMPILATION_MODE = wholemodule;
				SWIFT_OPTIMIZATION_LEVEL = "-O";
				VALIDATE_PRODUCT = YES;
			};
			name = Release;
		};
		263A8CD526E0704900B153B8 /* Debug */ = {
			isa = XCBuildConfiguration;
			buildSettings = {
				ASSETCATALOG_COMPILER_APPICON_NAME = AppIcon;
				ASSETCATALOG_COMPILER_GLOBAL_ACCENT_COLOR_NAME = AccentColor;
				CODE_SIGN_STYLE = Automatic;
				DEVELOPMENT_TEAM = 8LL687CJ5D;
				INFOPLIST_FILE = "Animation Controller/Info.plist";
				LD_RUNPATH_SEARCH_PATHS = (
					"$(inherited)",
					"@executable_path/Frameworks",
				);
				PRODUCT_BUNDLE_IDENTIFIER = "com.weiting.Animation-Controller";
				PRODUCT_NAME = "$(TARGET_NAME)";
				SWIFT_VERSION = 5.0;
				TARGETED_DEVICE_FAMILY = "1,2";
			};
			name = Debug;
		};
		263A8CD626E0704900B153B8 /* Release */ = {
			isa = XCBuildConfiguration;
			buildSettings = {
				ASSETCATALOG_COMPILER_APPICON_NAME = AppIcon;
				ASSETCATALOG_COMPILER_GLOBAL_ACCENT_COLOR_NAME = AccentColor;
				CODE_SIGN_STYLE = Automatic;
				DEVELOPMENT_TEAM = 8LL687CJ5D;
				INFOPLIST_FILE = "Animation Controller/Info.plist";
				LD_RUNPATH_SEARCH_PATHS = (
					"$(inherited)",
					"@executable_path/Frameworks",
				);
				PRODUCT_BUNDLE_IDENTIFIER = "com.weiting.Animation-Controller";
				PRODUCT_NAME = "$(TARGET_NAME)";
				SWIFT_VERSION = 5.0;
				TARGETED_DEVICE_FAMILY = "1,2";
			};
			name = Release;
		};
/* End XCBuildConfiguration section */

/* Begin XCConfigurationList section */
		263A8CBB26E0704800B153B8 /* Build configuration list for PBXProject "Animation Controller" */ = {
			isa = XCConfigurationList;
			buildConfigurations = (
				263A8CD226E0704900B153B8 /* Debug */,
				263A8CD326E0704900B153B8 /* Release */,
			);
			defaultConfigurationIsVisible = 0;
			defaultConfigurationName = Release;
		};
		263A8CD426E0704900B153B8 /* Build configuration list for PBXNativeTarget "Animation Controller" */ = {
			isa = XCConfigurationList;
			buildConfigurations = (
				263A8CD526E0704900B153B8 /* Debug */,
				263A8CD626E0704900B153B8 /* Release */,
			);
			defaultConfigurationIsVisible = 0;
			defaultConfigurationName = Release;
		};
/* End XCConfigurationList section */
	};
	rootObject = 263A8CB826E0704800B153B8 /* Project object */;
}
